// !$*UTF8*$!
{
	archiveVersion = 1;
	classes = {
	};
	objectVersion = 56;
	objects = {

/* Begin PBXBuildFile section */
		C203D74029B3FCB100CF7DD5 /* VideoPickerView.swift in Sources */ = {isa = PBXBuildFile; fileRef = C203D73F29B3FCB100CF7DD5 /* VideoPickerView.swift */; };
		C21FFC8429BD7A0400026F91 /* PickerView.swift in Sources */ = {isa = PBXBuildFile; fileRef = C21FFC8329BD7A0400026F91 /* PickerView.swift */; };
		C21FFC8629BD7A0C00026F91 /* SectionView.swift in Sources */ = {isa = PBXBuildFile; fileRef = C21FFC8529BD7A0C00026F91 /* SectionView.swift */; };
		C21FFC8829BD7EDC00026F91 /* Section.swift in Sources */ = {isa = PBXBuildFile; fileRef = C21FFC8729BD7EDC00026F91 /* Section.swift */; };
		C21FFC8A29BD89F800026F91 /* VideoInfo.swift in Sources */ = {isa = PBXBuildFile; fileRef = C21FFC8929BD89F800026F91 /* VideoInfo.swift */; };
		C227FE7129BC47B000EEF046 /* VideoPlayerView.swift in Sources */ = {isa = PBXBuildFile; fileRef = C227FE7029BC47B000EEF046 /* VideoPlayerView.swift */; };
		C25D074429BDA67700225E5D /* NewSectionPopupView.swift in Sources */ = {isa = PBXBuildFile; fileRef = C25D074329BDA67700225E5D /* NewSectionPopupView.swift */; };
		C2AE731529BEC8660036E5E4 /* View+Modifiers.swift in Sources */ = {isa = PBXBuildFile; fileRef = C2AE731129BEC8660036E5E4 /* View+Modifiers.swift */; };
		C2AE731629BEC8660036E5E4 /* UIView+Extension.swift in Sources */ = {isa = PBXBuildFile; fileRef = C2AE731229BEC8660036E5E4 /* UIView+Extension.swift */; };
		C2AE731729BEC8660036E5E4 /* ContentViewController.swift in Sources */ = {isa = PBXBuildFile; fileRef = C2AE731329BEC8660036E5E4 /* ContentViewController.swift */; };
		C2AE731829BEC8660036E5E4 /* AlwaysPopoverModifier.swift in Sources */ = {isa = PBXBuildFile; fileRef = C2AE731429BEC8660036E5E4 /* AlwaysPopoverModifier.swift */; };
		C2AE731A29BF73DD0036E5E4 /* Double+Extension.swift in Sources */ = {isa = PBXBuildFile; fileRef = C2AE731929BF73DD0036E5E4 /* Double+Extension.swift */; };
		C2B0061929BAEF2800517E8D /* NotesView.swift in Sources */ = {isa = PBXBuildFile; fileRef = C2B0061829BAEF2800517E8D /* NotesView.swift */; };
		C2E78BA629B30349004E6751 /* NoteByNoteApp.swift in Sources */ = {isa = PBXBuildFile; fileRef = C2E78BA529B30349004E6751 /* NoteByNoteApp.swift */; };
		C2E78BA829B30349004E6751 /* ContentView.swift in Sources */ = {isa = PBXBuildFile; fileRef = C2E78BA729B30349004E6751 /* ContentView.swift */; };
		C2E78BAA29B3034A004E6751 /* Assets.xcassets in Resources */ = {isa = PBXBuildFile; fileRef = C2E78BA929B3034A004E6751 /* Assets.xcassets */; };
		C2E78BAD29B3034A004E6751 /* Preview Assets.xcassets in Resources */ = {isa = PBXBuildFile; fileRef = C2E78BAC29B3034A004E6751 /* Preview Assets.xcassets */; };
		C2E78BB429B303CD004E6751 /* VideoView.swift in Sources */ = {isa = PBXBuildFile; fileRef = C2E78BB329B303CD004E6751 /* VideoView.swift */; };
		C2E78BB629B30F25004E6751 /* Movie.swift in Sources */ = {isa = PBXBuildFile; fileRef = C2E78BB529B30F25004E6751 /* Movie.swift */; };
		C2E78BB829B313F1004E6751 /* AudioSlider.swift in Sources */ = {isa = PBXBuildFile; fileRef = C2E78BB729B313F1004E6751 /* AudioSlider.swift */; };
/* End PBXBuildFile section */

/* Begin PBXFileReference section */
		C203D73F29B3FCB100CF7DD5 /* VideoPickerView.swift */ = {isa = PBXFileReference; lastKnownFileType = sourcecode.swift; path = VideoPickerView.swift; sourceTree = "<group>"; };
		C21FFC8329BD7A0400026F91 /* PickerView.swift */ = {isa = PBXFileReference; lastKnownFileType = sourcecode.swift; path = PickerView.swift; sourceTree = "<group>"; };
		C21FFC8529BD7A0C00026F91 /* SectionView.swift */ = {isa = PBXFileReference; lastKnownFileType = sourcecode.swift; path = SectionView.swift; sourceTree = "<group>"; };
		C21FFC8729BD7EDC00026F91 /* Section.swift */ = {isa = PBXFileReference; lastKnownFileType = sourcecode.swift; path = Section.swift; sourceTree = "<group>"; };
		C21FFC8929BD89F800026F91 /* VideoInfo.swift */ = {isa = PBXFileReference; lastKnownFileType = sourcecode.swift; path = VideoInfo.swift; sourceTree = "<group>"; };
		C227FE7029BC47B000EEF046 /* VideoPlayerView.swift */ = {isa = PBXFileReference; lastKnownFileType = sourcecode.swift; path = VideoPlayerView.swift; sourceTree = "<group>"; };
		C25D074329BDA67700225E5D /* NewSectionPopupView.swift */ = {isa = PBXFileReference; lastKnownFileType = sourcecode.swift; path = NewSectionPopupView.swift; sourceTree = "<group>"; };
		C2AE731129BEC8660036E5E4 /* View+Modifiers.swift */ = {isa = PBXFileReference; fileEncoding = 4; lastKnownFileType = sourcecode.swift; path = "View+Modifiers.swift"; sourceTree = "<group>"; };
		C2AE731229BEC8660036E5E4 /* UIView+Extension.swift */ = {isa = PBXFileReference; fileEncoding = 4; lastKnownFileType = sourcecode.swift; path = "UIView+Extension.swift"; sourceTree = "<group>"; };
		C2AE731329BEC8660036E5E4 /* ContentViewController.swift */ = {isa = PBXFileReference; fileEncoding = 4; lastKnownFileType = sourcecode.swift; path = ContentViewController.swift; sourceTree = "<group>"; };
		C2AE731429BEC8660036E5E4 /* AlwaysPopoverModifier.swift */ = {isa = PBXFileReference; fileEncoding = 4; lastKnownFileType = sourcecode.swift; path = AlwaysPopoverModifier.swift; sourceTree = "<group>"; };
		C2AE731929BF73DD0036E5E4 /* Double+Extension.swift */ = {isa = PBXFileReference; lastKnownFileType = sourcecode.swift; path = "Double+Extension.swift"; sourceTree = "<group>"; };
		C2B0061829BAEF2800517E8D /* NotesView.swift */ = {isa = PBXFileReference; lastKnownFileType = sourcecode.swift; path = NotesView.swift; sourceTree = "<group>"; };
		C2E78BA229B30349004E6751 /* NoteByNote.app */ = {isa = PBXFileReference; explicitFileType = wrapper.application; includeInIndex = 0; path = NoteByNote.app; sourceTree = BUILT_PRODUCTS_DIR; };
		C2E78BA529B30349004E6751 /* NoteByNoteApp.swift */ = {isa = PBXFileReference; lastKnownFileType = sourcecode.swift; path = NoteByNoteApp.swift; sourceTree = "<group>"; };
		C2E78BA729B30349004E6751 /* ContentView.swift */ = {isa = PBXFileReference; lastKnownFileType = sourcecode.swift; path = ContentView.swift; sourceTree = "<group>"; };
		C2E78BA929B3034A004E6751 /* Assets.xcassets */ = {isa = PBXFileReference; lastKnownFileType = folder.assetcatalog; path = Assets.xcassets; sourceTree = "<group>"; };
		C2E78BAC29B3034A004E6751 /* Preview Assets.xcassets */ = {isa = PBXFileReference; lastKnownFileType = folder.assetcatalog; path = "Preview Assets.xcassets"; sourceTree = "<group>"; };
		C2E78BB329B303CD004E6751 /* VideoView.swift */ = {isa = PBXFileReference; lastKnownFileType = sourcecode.swift; path = VideoView.swift; sourceTree = "<group>"; };
		C2E78BB529B30F25004E6751 /* Movie.swift */ = {isa = PBXFileReference; lastKnownFileType = sourcecode.swift; path = Movie.swift; sourceTree = "<group>"; };
		C2E78BB729B313F1004E6751 /* AudioSlider.swift */ = {isa = PBXFileReference; lastKnownFileType = sourcecode.swift; path = AudioSlider.swift; sourceTree = "<group>"; };
/* End PBXFileReference section */

/* Begin PBXFrameworksBuildPhase section */
		C2E78B9F29B30349004E6751 /* Frameworks */ = {
			isa = PBXFrameworksBuildPhase;
			buildActionMask = 2147483647;
			files = (
			);
			runOnlyForDeploymentPostprocessing = 0;
		};
/* End PBXFrameworksBuildPhase section */

/* Begin PBXGroup section */
		C203D73D29B3FC2300CF7DD5 /* views */ = {
			isa = PBXGroup;
			children = (
				C2E78BA729B30349004E6751 /* ContentView.swift */,
				C2E78BB329B303CD004E6751 /* VideoView.swift */,
				C203D73F29B3FCB100CF7DD5 /* VideoPickerView.swift */,
				C227FE7029BC47B000EEF046 /* VideoPlayerView.swift */,
				C2E78BB729B313F1004E6751 /* AudioSlider.swift */,
				C2B0061829BAEF2800517E8D /* NotesView.swift */,
				C21FFC8329BD7A0400026F91 /* PickerView.swift */,
				C21FFC8529BD7A0C00026F91 /* SectionView.swift */,
				C25D074329BDA67700225E5D /* NewSectionPopupView.swift */,
			);
			path = views;
			sourceTree = "<group>";
		};
		C203D73E29B3FC2900CF7DD5 /* model */ = {
			isa = PBXGroup;
			children = (
				C2E78BB529B30F25004E6751 /* Movie.swift */,
				C21FFC8729BD7EDC00026F91 /* Section.swift */,
				C21FFC8929BD89F800026F91 /* VideoInfo.swift */,
			);
			path = model;
			sourceTree = "<group>";
		};
		C2AE731029BEC8430036E5E4 /* helpers */ = {
			isa = PBXGroup;
			children = (
				C2AE731429BEC8660036E5E4 /* AlwaysPopoverModifier.swift */,
				C2AE731329BEC8660036E5E4 /* ContentViewController.swift */,
				C2AE731229BEC8660036E5E4 /* UIView+Extension.swift */,
				C2AE731129BEC8660036E5E4 /* View+Modifiers.swift */,
				C2AE731929BF73DD0036E5E4 /* Double+Extension.swift */,
			);
			path = helpers;
			sourceTree = "<group>";
		};
		C2E78B9929B30349004E6751 = {
			isa = PBXGroup;
			children = (
				C2E78BA429B30349004E6751 /* NoteByNote */,
				C2E78BA329B30349004E6751 /* Products */,
			);
			sourceTree = "<group>";
		};
		C2E78BA329B30349004E6751 /* Products */ = {
			isa = PBXGroup;
			children = (
				C2E78BA229B30349004E6751 /* NoteByNote.app */,
			);
			name = Products;
			sourceTree = "<group>";
		};
		C2E78BA429B30349004E6751 /* NoteByNote */ = {
			isa = PBXGroup;
			children = (
				C2E78BA529B30349004E6751 /* NoteByNoteApp.swift */,
				C2AE731029BEC8430036E5E4 /* helpers */,
				C203D73D29B3FC2300CF7DD5 /* views */,
				C203D73E29B3FC2900CF7DD5 /* model */,
				C2E78BA929B3034A004E6751 /* Assets.xcassets */,
				C2E78BAB29B3034A004E6751 /* Preview Content */,
			);
			path = NoteByNote;
			sourceTree = "<group>";
		};
		C2E78BAB29B3034A004E6751 /* Preview Content */ = {
			isa = PBXGroup;
			children = (
				C2E78BAC29B3034A004E6751 /* Preview Assets.xcassets */,
			);
			path = "Preview Content";
			sourceTree = "<group>";
		};
/* End PBXGroup section */

/* Begin PBXNativeTarget section */
		C2E78BA129B30349004E6751 /* NoteByNote */ = {
			isa = PBXNativeTarget;
			buildConfigurationList = C2E78BB029B3034A004E6751 /* Build configuration list for PBXNativeTarget "NoteByNote" */;
			buildPhases = (
				C2E78B9E29B30349004E6751 /* Sources */,
				C2E78B9F29B30349004E6751 /* Frameworks */,
				C2E78BA029B30349004E6751 /* Resources */,
			);
			buildRules = (
			);
			dependencies = (
			);
			name = NoteByNote;
			productName = NoteByNote;
			productReference = C2E78BA229B30349004E6751 /* NoteByNote.app */;
			productType = "com.apple.product-type.application";
		};
/* End PBXNativeTarget section */

/* Begin PBXProject section */
		C2E78B9A29B30349004E6751 /* Project object */ = {
			isa = PBXProject;
			attributes = {
				BuildIndependentTargetsInParallel = 1;
				LastSwiftUpdateCheck = 1420;
				LastUpgradeCheck = 1420;
				TargetAttributes = {
					C2E78BA129B30349004E6751 = {
						CreatedOnToolsVersion = 14.2;
					};
				};
			};
			buildConfigurationList = C2E78B9D29B30349004E6751 /* Build configuration list for PBXProject "NoteByNote" */;
			compatibilityVersion = "Xcode 14.0";
			developmentRegion = en;
			hasScannedForEncodings = 0;
			knownRegions = (
				en,
				Base,
			);
			mainGroup = C2E78B9929B30349004E6751;
			productRefGroup = C2E78BA329B30349004E6751 /* Products */;
			projectDirPath = "";
			projectRoot = "";
			targets = (
				C2E78BA129B30349004E6751 /* NoteByNote */,
			);
		};
/* End PBXProject section */

/* Begin PBXResourcesBuildPhase section */
		C2E78BA029B30349004E6751 /* Resources */ = {
			isa = PBXResourcesBuildPhase;
			buildActionMask = 2147483647;
			files = (
				C2E78BAD29B3034A004E6751 /* Preview Assets.xcassets in Resources */,
				C2E78BAA29B3034A004E6751 /* Assets.xcassets in Resources */,
			);
			runOnlyForDeploymentPostprocessing = 0;
		};
/* End PBXResourcesBuildPhase section */

/* Begin PBXSourcesBuildPhase section */
		C2E78B9E29B30349004E6751 /* Sources */ = {
			isa = PBXSourcesBuildPhase;
			buildActionMask = 2147483647;
			files = (
				C2B0061929BAEF2800517E8D /* NotesView.swift in Sources */,
				C203D74029B3FCB100CF7DD5 /* VideoPickerView.swift in Sources */,
				C2AE731729BEC8660036E5E4 /* ContentViewController.swift in Sources */,
				C2AE731629BEC8660036E5E4 /* UIView+Extension.swift in Sources */,
				C21FFC8629BD7A0C00026F91 /* SectionView.swift in Sources */,
				C21FFC8429BD7A0400026F91 /* PickerView.swift in Sources */,
				C21FFC8829BD7EDC00026F91 /* Section.swift in Sources */,
				C2E78BB429B303CD004E6751 /* VideoView.swift in Sources */,
				C2E78BA829B30349004E6751 /* ContentView.swift in Sources */,
				C2E78BB629B30F25004E6751 /* Movie.swift in Sources */,
				C2AE731A29BF73DD0036E5E4 /* Double+Extension.swift in Sources */,
				C2AE731829BEC8660036E5E4 /* AlwaysPopoverModifier.swift in Sources */,
				C2E78BB829B313F1004E6751 /* AudioSlider.swift in Sources */,
				C21FFC8A29BD89F800026F91 /* VideoInfo.swift in Sources */,
				C2E78BA629B30349004E6751 /* NoteByNoteApp.swift in Sources */,
				C227FE7129BC47B000EEF046 /* VideoPlayerView.swift in Sources */,
				C2AE731529BEC8660036E5E4 /* View+Modifiers.swift in Sources */,
				C25D074429BDA67700225E5D /* NewSectionPopupView.swift in Sources */,
			);
			runOnlyForDeploymentPostprocessing = 0;
		};
/* End PBXSourcesBuildPhase section */

/* Begin XCBuildConfiguration section */
		C2E78BAE29B3034A004E6751 /* Debug */ = {
			isa = XCBuildConfiguration;
			buildSettings = {
				ALWAYS_SEARCH_USER_PATHS = NO;
				CLANG_ANALYZER_NONNULL = YES;
				CLANG_ANALYZER_NUMBER_OBJECT_CONVERSION = YES_AGGRESSIVE;
				CLANG_CXX_LANGUAGE_STANDARD = "gnu++20";
				CLANG_ENABLE_MODULES = YES;
				CLANG_ENABLE_OBJC_ARC = YES;
				CLANG_ENABLE_OBJC_WEAK = YES;
				CLANG_WARN_BLOCK_CAPTURE_AUTORELEASING = YES;
				CLANG_WARN_BOOL_CONVERSION = YES;
				CLANG_WARN_COMMA = YES;
				CLANG_WARN_CONSTANT_CONVERSION = YES;
				CLANG_WARN_DEPRECATED_OBJC_IMPLEMENTATIONS = YES;
				CLANG_WARN_DIRECT_OBJC_ISA_USAGE = YES_ERROR;
				CLANG_WARN_DOCUMENTATION_COMMENTS = YES;
				CLANG_WARN_EMPTY_BODY = YES;
				CLANG_WARN_ENUM_CONVERSION = YES;
				CLANG_WARN_INFINITE_RECURSION = YES;
				CLANG_WARN_INT_CONVERSION = YES;
				CLANG_WARN_NON_LITERAL_NULL_CONVERSION = YES;
				CLANG_WARN_OBJC_IMPLICIT_RETAIN_SELF = YES;
				CLANG_WARN_OBJC_LITERAL_CONVERSION = YES;
				CLANG_WARN_OBJC_ROOT_CLASS = YES_ERROR;
				CLANG_WARN_QUOTED_INCLUDE_IN_FRAMEWORK_HEADER = YES;
				CLANG_WARN_RANGE_LOOP_ANALYSIS = YES;
				CLANG_WARN_STRICT_PROTOTYPES = YES;
				CLANG_WARN_SUSPICIOUS_MOVE = YES;
				CLANG_WARN_UNGUARDED_AVAILABILITY = YES_AGGRESSIVE;
				CLANG_WARN_UNREACHABLE_CODE = YES;
				CLANG_WARN__DUPLICATE_METHOD_MATCH = YES;
				COPY_PHASE_STRIP = NO;
				DEBUG_INFORMATION_FORMAT = dwarf;
				ENABLE_STRICT_OBJC_MSGSEND = YES;
				ENABLE_TESTABILITY = YES;
				GCC_C_LANGUAGE_STANDARD = gnu11;
				GCC_DYNAMIC_NO_PIC = NO;
				GCC_NO_COMMON_BLOCKS = YES;
				GCC_OPTIMIZATION_LEVEL = 0;
				GCC_PREPROCESSOR_DEFINITIONS = (
					"DEBUG=1",
					"$(inherited)",
				);
				GCC_WARN_64_TO_32_BIT_CONVERSION = YES;
				GCC_WARN_ABOUT_RETURN_TYPE = YES_ERROR;
				GCC_WARN_UNDECLARED_SELECTOR = YES;
				GCC_WARN_UNINITIALIZED_AUTOS = YES_AGGRESSIVE;
				GCC_WARN_UNUSED_FUNCTION = YES;
				GCC_WARN_UNUSED_VARIABLE = YES;
				IPHONEOS_DEPLOYMENT_TARGET = 16.2;
				MTL_ENABLE_DEBUG_INFO = INCLUDE_SOURCE;
				MTL_FAST_MATH = YES;
				ONLY_ACTIVE_ARCH = YES;
				SDKROOT = iphoneos;
				SWIFT_ACTIVE_COMPILATION_CONDITIONS = DEBUG;
				SWIFT_OPTIMIZATION_LEVEL = "-Onone";
			};
			name = Debug;
		};
		C2E78BAF29B3034A004E6751 /* Release */ = {
			isa = XCBuildConfiguration;
			buildSettings = {
				ALWAYS_SEARCH_USER_PATHS = NO;
				CLANG_ANALYZER_NONNULL = YES;
				CLANG_ANALYZER_NUMBER_OBJECT_CONVERSION = YES_AGGRESSIVE;
				CLANG_CXX_LANGUAGE_STANDARD = "gnu++20";
				CLANG_ENABLE_MODULES = YES;
				CLANG_ENABLE_OBJC_ARC = YES;
				CLANG_ENABLE_OBJC_WEAK = YES;
				CLANG_WARN_BLOCK_CAPTURE_AUTORELEASING = YES;
				CLANG_WARN_BOOL_CONVERSION = YES;
				CLANG_WARN_COMMA = YES;
				CLANG_WARN_CONSTANT_CONVERSION = YES;
				CLANG_WARN_DEPRECATED_OBJC_IMPLEMENTATIONS = YES;
				CLANG_WARN_DIRECT_OBJC_ISA_USAGE = YES_ERROR;
				CLANG_WARN_DOCUMENTATION_COMMENTS = YES;
				CLANG_WARN_EMPTY_BODY = YES;
				CLANG_WARN_ENUM_CONVERSION = YES;
				CLANG_WARN_INFINITE_RECURSION = YES;
				CLANG_WARN_INT_CONVERSION = YES;
				CLANG_WARN_NON_LITERAL_NULL_CONVERSION = YES;
				CLANG_WARN_OBJC_IMPLICIT_RETAIN_SELF = YES;
				CLANG_WARN_OBJC_LITERAL_CONVERSION = YES;
				CLANG_WARN_OBJC_ROOT_CLASS = YES_ERROR;
				CLANG_WARN_QUOTED_INCLUDE_IN_FRAMEWORK_HEADER = YES;
				CLANG_WARN_RANGE_LOOP_ANALYSIS = YES;
				CLANG_WARN_STRICT_PROTOTYPES = YES;
				CLANG_WARN_SUSPICIOUS_MOVE = YES;
				CLANG_WARN_UNGUARDED_AVAILABILITY = YES_AGGRESSIVE;
				CLANG_WARN_UNREACHABLE_CODE = YES;
				CLANG_WARN__DUPLICATE_METHOD_MATCH = YES;
				COPY_PHASE_STRIP = NO;
				DEBUG_INFORMATION_FORMAT = "dwarf-with-dsym";
				ENABLE_NS_ASSERTIONS = NO;
				ENABLE_STRICT_OBJC_MSGSEND = YES;
				GCC_C_LANGUAGE_STANDARD = gnu11;
				GCC_NO_COMMON_BLOCKS = YES;
				GCC_WARN_64_TO_32_BIT_CONVERSION = YES;
				GCC_WARN_ABOUT_RETURN_TYPE = YES_ERROR;
				GCC_WARN_UNDECLARED_SELECTOR = YES;
				GCC_WARN_UNINITIALIZED_AUTOS = YES_AGGRESSIVE;
				GCC_WARN_UNUSED_FUNCTION = YES;
				GCC_WARN_UNUSED_VARIABLE = YES;
				IPHONEOS_DEPLOYMENT_TARGET = 16.2;
				MTL_ENABLE_DEBUG_INFO = NO;
				MTL_FAST_MATH = YES;
				SDKROOT = iphoneos;
				SWIFT_COMPILATION_MODE = wholemodule;
				SWIFT_OPTIMIZATION_LEVEL = "-O";
				VALIDATE_PRODUCT = YES;
			};
			name = Release;
		};
		C2E78BB129B3034A004E6751 /* Debug */ = {
			isa = XCBuildConfiguration;
			buildSettings = {
				ASSETCATALOG_COMPILER_APPICON_NAME = AppIcon;
				ASSETCATALOG_COMPILER_GLOBAL_ACCENT_COLOR_NAME = AccentColor;
				CODE_SIGN_STYLE = Automatic;
				CURRENT_PROJECT_VERSION = 1;
				DEVELOPMENT_ASSET_PATHS = "\"NoteByNote/Preview Content\"";
				DEVELOPMENT_TEAM = EMR65N9MP5;
				ENABLE_PREVIEWS = YES;
				GENERATE_INFOPLIST_FILE = YES;
				INFOPLIST_KEY_UIApplicationSceneManifest_Generation = YES;
				INFOPLIST_KEY_UIApplicationSupportsIndirectInputEvents = YES;
				INFOPLIST_KEY_UILaunchScreen_Generation = YES;
				INFOPLIST_KEY_UISupportedInterfaceOrientations_iPad = "UIInterfaceOrientationPortrait UIInterfaceOrientationPortraitUpsideDown UIInterfaceOrientationLandscapeLeft UIInterfaceOrientationLandscapeRight";
				INFOPLIST_KEY_UISupportedInterfaceOrientations_iPhone = "UIInterfaceOrientationPortrait UIInterfaceOrientationLandscapeLeft UIInterfaceOrientationLandscapeRight";
				LD_RUNPATH_SEARCH_PATHS = (
					"$(inherited)",
					"@executable_path/Frameworks",
				);
				MARKETING_VERSION = 1.0;
				PRODUCT_BUNDLE_IDENTIFIER = com.fgao.NoteByNote;
				PRODUCT_NAME = "$(TARGET_NAME)";
				SWIFT_EMIT_LOC_STRINGS = YES;
				SWIFT_VERSION = 5.0;
				TARGETED_DEVICE_FAMILY = "1,2";
			};
			name = Debug;
		};
		C2E78BB229B3034A004E6751 /* Release */ = {
			isa = XCBuildConfiguration;
			buildSettings = {
				ASSETCATALOG_COMPILER_APPICON_NAME = AppIcon;
				ASSETCATALOG_COMPILER_GLOBAL_ACCENT_COLOR_NAME = AccentColor;
				CODE_SIGN_STYLE = Automatic;
				CURRENT_PROJECT_VERSION = 1;
				DEVELOPMENT_ASSET_PATHS = "\"NoteByNote/Preview Content\"";
				DEVELOPMENT_TEAM = EMR65N9MP5;
				ENABLE_PREVIEWS = YES;
				GENERATE_INFOPLIST_FILE = YES;
				INFOPLIST_KEY_UIApplicationSceneManifest_Generation = YES;
				INFOPLIST_KEY_UIApplicationSupportsIndirectInputEvents = YES;
				INFOPLIST_KEY_UILaunchScreen_Generation = YES;
				INFOPLIST_KEY_UISupportedInterfaceOrientations_iPad = "UIInterfaceOrientationPortrait UIInterfaceOrientationPortraitUpsideDown UIInterfaceOrientationLandscapeLeft UIInterfaceOrientationLandscapeRight";
				INFOPLIST_KEY_UISupportedInterfaceOrientations_iPhone = "UIInterfaceOrientationPortrait UIInterfaceOrientationLandscapeLeft UIInterfaceOrientationLandscapeRight";
				LD_RUNPATH_SEARCH_PATHS = (
					"$(inherited)",
					"@executable_path/Frameworks",
				);
				MARKETING_VERSION = 1.0;
				PRODUCT_BUNDLE_IDENTIFIER = com.fgao.NoteByNote;
				PRODUCT_NAME = "$(TARGET_NAME)";
				SWIFT_EMIT_LOC_STRINGS = YES;
				SWIFT_VERSION = 5.0;
				TARGETED_DEVICE_FAMILY = "1,2";
			};
			name = Release;
		};
/* End XCBuildConfiguration section */

/* Begin XCConfigurationList section */
		C2E78B9D29B30349004E6751 /* Build configuration list for PBXProject "NoteByNote" */ = {
			isa = XCConfigurationList;
			buildConfigurations = (
				C2E78BAE29B3034A004E6751 /* Debug */,
				C2E78BAF29B3034A004E6751 /* Release */,
			);
			defaultConfigurationIsVisible = 0;
			defaultConfigurationName = Release;
		};
		C2E78BB029B3034A004E6751 /* Build configuration list for PBXNativeTarget "NoteByNote" */ = {
			isa = XCConfigurationList;
			buildConfigurations = (
				C2E78BB129B3034A004E6751 /* Debug */,
				C2E78BB229B3034A004E6751 /* Release */,
			);
			defaultConfigurationIsVisible = 0;
			defaultConfigurationName = Release;
		};
/* End XCConfigurationList section */
	};
	rootObject = C2E78B9A29B30349004E6751 /* Project object */;
}
